
Microsoft Visual Studio Solution File, Format Version 12.00
# Visual Studio 2012
Project("{FAE04EC0-301F-11D3-BF4B-00C04F79EFBC}") = "Dummie", "Dummie\Dummie.csproj", "{597B41CE-8EE1-4769-932B-0A4E22CF3B33}"
EndProject
Project("{FAE04EC0-301F-11D3-BF4B-00C04F79EFBC}") = "Dummie.Tests", "Dummie.Tests\Dummie.Tests.csproj", "{E5887635-C6D1-4F46-8BE2-BB227ECCD3A5}"
EndProject
Global
	GlobalSection(SolutionConfigurationPlatforms) = preSolution
		Debug|Any CPU = Debug|Any CPU
		Release|Any CPU = Release|Any CPU
	EndGlobalSection
	GlobalSection(ProjectConfigurationPlatforms) = postSolution
		{597B41CE-8EE1-4769-932B-0A4E22CF3B33}.Debug|Any CPU.ActiveCfg = Debug|Any CPU
		{597B41CE-8EE1-4769-932B-0A4E22CF3B33}.Debug|Any CPU.Build.0 = Debug|Any CPU
		{597B41CE-8EE1-4769-932B-0A4E22CF3B33}.Release|Any CPU.ActiveCfg = Release|Any CPU
		{597B41CE-8EE1-4769-932B-0A4E22CF3B33}.Release|Any CPU.Build.0 = Release|Any CPU
		{E5887635-C6D1-4F46-8BE2-BB227ECCD3A5}.Debug|Any CPU.ActiveCfg = Debug|Any CPU
		{E5887635-C6D1-4F46-8BE2-BB227ECCD3A5}.Debug|Any CPU.Build.0 = Debug|Any CPU
		{E5887635-C6D1-4F46-8BE2-BB227ECCD3A5}.Release|Any CPU.ActiveCfg = Release|Any CPU
		{E5887635-C6D1-4F46-8BE2-BB227ECCD3A5}.Release|Any CPU.Build.0 = Release|Any CPU
	EndGlobalSection
	GlobalSection(SolutionProperties) = preSolution
		HideSolutionNode = FALSE
	EndGlobalSection
EndGlobal
